
Microsoft Visual Studio Solution File, Format Version 12.00
# Visual Studio 14
VisualStudioVersion = 14.0.25420.1
MinimumVisualStudioVersion = 10.0.40219.1
Project("{FAE04EC0-301F-11D3-BF4B-00C04F79EFBC}") = "AdventureWorks.Web.API", "AdventureWorks.Web.API\AdventureWorks.Web.API.csproj", "{CA113D0C-F28B-4B49-A490-3D7FBB34A143}"
EndProject
Project("{FAE04EC0-301F-11D3-BF4B-00C04F79EFBC}") = "AdventureWorks.Data", "AdventureWorks.Data\AdventureWorks.Data.csproj", "{83797193-CEB7-457F-9A01-5BE510AE15C8}"
EndProject
Project("{FAE04EC0-301F-11D3-BF4B-00C04F79EFBC}") = "AdventureWorks.Web", "AdventureWorks.Web\AdventureWorks.Web.csproj", "{975A6175-62CE-409C-8B82-C9E75267DC3F}"
EndProject
Project("{2150E333-8FDC-42A3-9474-1A3956D46DE8}") = "Solution Items", "Solution Items", "{96A1EA24-6738-4E9B-87F8-669388245F33}"
	ProjectSection(SolutionItems) = preProject
		README.md = README.md
	EndProjectSection
EndProject
Global
	GlobalSection(SolutionConfigurationPlatforms) = preSolution
		Debug|Any CPU = Debug|Any CPU
		Release|Any CPU = Release|Any CPU
	EndGlobalSection
	GlobalSection(ProjectConfigurationPlatforms) = postSolution
		{CA113D0C-F28B-4B49-A490-3D7FBB34A143}.Debug|Any CPU.ActiveCfg = Debug|Any CPU
		{CA113D0C-F28B-4B49-A490-3D7FBB34A143}.Debug|Any CPU.Build.0 = Debug|Any CPU
		{CA113D0C-F28B-4B49-A490-3D7FBB34A143}.Release|Any CPU.ActiveCfg = Release|Any CPU
		{CA113D0C-F28B-4B49-A490-3D7FBB34A143}.Release|Any CPU.Build.0 = Release|Any CPU
		{83797193-CEB7-457F-9A01-5BE510AE15C8}.Debug|Any CPU.ActiveCfg = Debug|Any CPU
		{83797193-CEB7-457F-9A01-5BE510AE15C8}.Debug|Any CPU.Build.0 = Debug|Any CPU
		{83797193-CEB7-457F-9A01-5BE510AE15C8}.Release|Any CPU.ActiveCfg = Release|Any CPU
		{83797193-CEB7-457F-9A01-5BE510AE15C8}.Release|Any CPU.Build.0 = Release|Any CPU
		{975A6175-62CE-409C-8B82-C9E75267DC3F}.Debug|Any CPU.ActiveCfg = Debug|Any CPU
		{975A6175-62CE-409C-8B82-C9E75267DC3F}.Debug|Any CPU.Build.0 = Debug|Any CPU
		{975A6175-62CE-409C-8B82-C9E75267DC3F}.Release|Any CPU.ActiveCfg = Release|Any CPU
		{975A6175-62CE-409C-8B82-C9E75267DC3F}.Release|Any CPU.Build.0 = Release|Any CPU
	EndGlobalSection
	GlobalSection(SolutionProperties) = preSolution
		HideSolutionNode = FALSE
	EndGlobalSection
EndGlobal
